
Microsoft Visual Studio Solution File, Format Version 12.00
# Visual Studio Version 17
VisualStudioVersion = 17.0.31903.59
MinimumVisualStudioVersion = 10.0.40219.1
Project("{2150E333-8FDC-42A3-9474-1A3956D46DE8}") = "src", "src", "{827E0CD3-B72D-47B6-A68D-7590B98EB39B}"
EndProject
Project("{FAE04EC0-301F-11D3-BF4B-00C04F79EFBC}") = "ApiSmith.Cli", "src\ApiSmith.Cli\ApiSmith.Cli.csproj", "{1E953D1D-731B-4425-A398-12654C183957}"
EndProject
Project("{FAE04EC0-301F-11D3-BF4B-00C04F79EFBC}") = "ApiSmith.Core", "src\ApiSmith.Core\ApiSmith.Core.csproj", "{FBD43CD2-C583-4217-BF37-C5E3400709DD}"
EndProject
Project("{FAE04EC0-301F-11D3-BF4B-00C04F79EFBC}") = "ApiSmith.Console", "src\ApiSmith.Console\ApiSmith.Console.csproj", "{5A7A9094-DF9E-40E7-AEC5-699CDD5E8F84}"
EndProject
Project("{FAE04EC0-301F-11D3-BF4B-00C04F79EFBC}") = "ApiSmith.Introspection", "src\ApiSmith.Introspection\ApiSmith.Introspection.csproj", "{6CDB43F3-293A-45AE-A752-9533B34852C1}"
EndProject
Project("{FAE04EC0-301F-11D3-BF4B-00C04F79EFBC}") = "ApiSmith.Naming", "src\ApiSmith.Naming\ApiSmith.Naming.csproj", "{90EBC506-4E88-4E19-BA62-0ABE23C45C1B}"
EndProject
Project("{FAE04EC0-301F-11D3-BF4B-00C04F79EFBC}") = "ApiSmith.Templating", "src\ApiSmith.Templating\ApiSmith.Templating.csproj", "{DF4C3DBC-3D4B-42B8-9335-B4E78FF31FC6}"
EndProject
Project("{FAE04EC0-301F-11D3-BF4B-00C04F79EFBC}") = "ApiSmith.Generation", "src\ApiSmith.Generation\ApiSmith.Generation.csproj", "{878EACCB-F8AB-4422-8DE2-43DD19772CC3}"
EndProject
Project("{FAE04EC0-301F-11D3-BF4B-00C04F79EFBC}") = "ApiSmith.Templates", "src\ApiSmith.Templates\ApiSmith.Templates.csproj", "{EDB049A8-63BC-4589-80E6-59A9A3A15FAB}"
EndProject
Project("{FAE04EC0-301F-11D3-BF4B-00C04F79EFBC}") = "ApiSmith.Config", "src\ApiSmith.Config\ApiSmith.Config.csproj", "{E54A63C3-D408-48D4-9F68-F388880A5CFE}"
EndProject
Project("{FAE04EC0-301F-11D3-BF4B-00C04F79EFBC}") = "ApiSmith.UnitTests", "tests\ApiSmith.UnitTests\ApiSmith.UnitTests.csproj", "{B4EFB07D-DCD4-49D6-B352-AE4C91E7ED18}"
EndProject
Project("{FAE04EC0-301F-11D3-BF4B-00C04F79EFBC}") = "ApiSmith.Introspection.Tests", "tests\ApiSmith.Introspection.Tests\ApiSmith.Introspection.Tests.csproj", "{26EF6B79-7649-4C8F-A0E2-AA4A46570025}"
EndProject
Project("{FAE04EC0-301F-11D3-BF4B-00C04F79EFBC}") = "ApiSmith.Generation.Tests", "tests\ApiSmith.Generation.Tests\ApiSmith.Generation.Tests.csproj", "{179F01E0-FBAC-42F0-9DC4-D019784B2A51}"
EndProject
Project("{FAE04EC0-301F-11D3-BF4B-00C04F79EFBC}") = "ApiSmith.EndToEnd.Tests", "tests\ApiSmith.EndToEnd.Tests\ApiSmith.EndToEnd.Tests.csproj", "{50F233D6-D879-43A3-B708-8CEA17DF3367}"
EndProject
Global
	GlobalSection(SolutionConfigurationPlatforms) = preSolution
		Debug|Any CPU = Debug|Any CPU
		Debug|x64 = Debug|x64
		Debug|x86 = Debug|x86
		Release|Any CPU = Release|Any CPU
		Release|x64 = Release|x64
		Release|x86 = Release|x86
	EndGlobalSection
	GlobalSection(ProjectConfigurationPlatforms) = postSolution
		{1E953D1D-731B-4425-A398-12654C183957}.Debug|Any CPU.ActiveCfg = Debug|Any CPU
		{1E953D1D-731B-4425-A398-12654C183957}.Debug|Any CPU.Build.0 = Debug|Any CPU
		{1E953D1D-731B-4425-A398-12654C183957}.Debug|x64.ActiveCfg = Debug|Any CPU
		{1E953D1D-731B-4425-A398-12654C183957}.Debug|x64.Build.0 = Debug|Any CPU
		{1E953D1D-731B-4425-A398-12654C183957}.Debug|x86.ActiveCfg = Debug|Any CPU
		{1E953D1D-731B-4425-A398-12654C183957}.Debug|x86.Build.0 = Debug|Any CPU
		{1E953D1D-731B-4425-A398-12654C183957}.Release|Any CPU.ActiveCfg = Release|Any CPU
		{1E953D1D-731B-4425-A398-12654C183957}.Release|Any CPU.Build.0 = Release|Any CPU
		{1E953D1D-731B-4425-A398-12654C183957}.Release|x64.ActiveCfg = Release|Any CPU
		{1E953D1D-731B-4425-A398-12654C183957}.Release|x64.Build.0 = Release|Any CPU
		{1E953D1D-731B-4425-A398-12654C183957}.Release|x86.ActiveCfg = Release|Any CPU
		{1E953D1D-731B-4425-A398-12654C183957}.Release|x86.Build.0 = Release|Any CPU
		{FBD43CD2-C583-4217-BF37-C5E3400709DD}.Debug|Any CPU.ActiveCfg = Debug|Any CPU
		{FBD43CD2-C583-4217-BF37-C5E3400709DD}.Debug|Any CPU.Build.0 = Debug|Any CPU
		{FBD43CD2-C583-4217-BF37-C5E3400709DD}.Debug|x64.ActiveCfg = Debug|Any CPU
		{FBD43CD2-C583-4217-BF37-C5E3400709DD}.Debug|x64.Build.0 = Debug|Any CPU
		{FBD43CD2-C583-4217-BF37-C5E3400709DD}.Debug|x86.ActiveCfg = Debug|Any CPU
		{FBD43CD2-C583-4217-BF37-C5E3400709DD}.Debug|x86.Build.0 = Debug|Any CPU
		{FBD43CD2-C583-4217-BF37-C5E3400709DD}.Release|Any CPU.ActiveCfg = Release|Any CPU
		{FBD43CD2-C583-4217-BF37-C5E3400709DD}.Release|Any CPU.Build.0 = Release|Any CPU
		{FBD43CD2-C583-4217-BF37-C5E3400709DD}.Release|x64.ActiveCfg = Release|Any CPU
		{FBD43CD2-C583-4217-BF37-C5E3400709DD}.Release|x64.Build.0 = Release|Any CPU
		{FBD43CD2-C583-4217-BF37-C5E3400709DD}.Release|x86.ActiveCfg = Release|Any CPU
		{FBD43CD2-C583-4217-BF37-C5E3400709DD}.Release|x86.Build.0 = Release|Any CPU
		{5A7A9094-DF9E-40E7-AEC5-699CDD5E8F84}.Debug|Any CPU.ActiveCfg = Debug|Any CPU
		{5A7A9094-DF9E-40E7-AEC5-699CDD5E8F84}.Debug|Any CPU.Build.0 = Debug|Any CPU
		{5A7A9094-DF9E-40E7-AEC5-699CDD5E8F84}.Debug|x64.ActiveCfg = Debug|Any CPU
		{5A7A9094-DF9E-40E7-AEC5-699CDD5E8F84}.Debug|x64.Build.0 = Debug|Any CPU
		{5A7A9094-DF9E-40E7-AEC5-699CDD5E8F84}.Debug|x86.ActiveCfg = Debug|Any CPU
		{5A7A9094-DF9E-40E7-AEC5-699CDD5E8F84}.Debug|x86.Build.0 = Debug|Any CPU
		{5A7A9094-DF9E-40E7-AEC5-699CDD5E8F84}.Release|Any CPU.ActiveCfg = Release|Any CPU
		{5A7A9094-DF9E-40E7-AEC5-699CDD5E8F84}.Release|Any CPU.Build.0 = Release|Any CPU
		{5A7A9094-DF9E-40E7-AEC5-699CDD5E8F84}.Release|x64.ActiveCfg = Release|Any CPU
		{5A7A9094-DF9E-40E7-AEC5-699CDD5E8F84}.Release|x64.Build.0 = Release|Any CPU
		{5A7A9094-DF9E-40E7-AEC5-699CDD5E8F84}.Release|x86.ActiveCfg = Release|Any CPU
		{5A7A9094-DF9E-40E7-AEC5-699CDD5E8F84}.Release|x86.Build.0 = Release|Any CPU
		{6CDB43F3-293A-45AE-A752-9533B34852C1}.Debug|Any CPU.ActiveCfg = Debug|Any CPU
		{6CDB43F3-293A-45AE-A752-9533B34852C1}.Debug|Any CPU.Build.0 = Debug|Any CPU
		{6CDB43F3-293A-45AE-A752-9533B34852C1}.Debug|x64.ActiveCfg = Debug|Any CPU
		{6CDB43F3-293A-45AE-A752-9533B34852C1}.Debug|x64.Build.0 = Debug|Any CPU
		{6CDB43F3-293A-45AE-A752-9533B34852C1}.Debug|x86.ActiveCfg = Debug|Any CPU
		{6CDB43F3-293A-45AE-A752-9533B34852C1}.Debug|x86.Build.0 = Debug|Any CPU
		{6CDB43F3-293A-45AE-A752-9533B34852C1}.Release|Any CPU.ActiveCfg = Release|Any CPU
		{6CDB43F3-293A-45AE-A752-9533B34852C1}.Release|Any CPU.Build.0 = Release|Any CPU
		{6CDB43F3-293A-45AE-A752-9533B34852C1}.Release|x64.ActiveCfg = Release|Any CPU
		{6CDB43F3-293A-45AE-A752-9533B34852C1}.Release|x64.Build.0 = Release|Any CPU
		{6CDB43F3-293A-45AE-A752-9533B34852C1}.Release|x86.ActiveCfg = Release|Any CPU
		{6CDB43F3-293A-45AE-A752-9533B34852C1}.Release|x86.Build.0 = Release|Any CPU
		{90EBC506-4E88-4E19-BA62-0ABE23C45C1B}.Debug|Any CPU.ActiveCfg = Debug|Any CPU
		{90EBC506-4E88-4E19-BA62-0ABE23C45C1B}.Debug|Any CPU.Build.0 = Debug|Any CPU
		{90EBC506-4E88-4E19-BA62-0ABE23C45C1B}.Debug|x64.ActiveCfg = Debug|Any CPU
		{90EBC506-4E88-4E19-BA62-0ABE23C45C1B}.Debug|x64.Build.0 = Debug|Any CPU
		{90EBC506-4E88-4E19-BA62-0ABE23C45C1B}.Debug|x86.ActiveCfg = Debug|Any CPU
		{90EBC506-4E88-4E19-BA62-0ABE23C45C1B}.Debug|x86.Build.0 = Debug|Any CPU
		{90EBC506-4E88-4E19-BA62-0ABE23C45C1B}.Release|Any CPU.ActiveCfg = Release|Any CPU
		{90EBC506-4E88-4E19-BA62-0ABE23C45C1B}.Release|Any CPU.Build.0 = Release|Any CPU
		{90EBC506-4E88-4E19-BA62-0ABE23C45C1B}.Release|x64.ActiveCfg = Release|Any CPU
		{90EBC506-4E88-4E19-BA62-0ABE23C45C1B}.Release|x64.Build.0 = Release|Any CPU
		{90EBC506-4E88-4E19-BA62-0ABE23C45C1B}.Release|x86.ActiveCfg = Release|Any CPU
		{90EBC506-4E88-4E19-BA62-0ABE23C45C1B}.Release|x86.Build.0 = Release|Any CPU
		{DF4C3DBC-3D4B-42B8-9335-B4E78FF31FC6}.Debug|Any CPU.ActiveCfg = Debug|Any CPU
		{DF4C3DBC-3D4B-42B8-9335-B4E78FF31FC6}.Debug|Any CPU.Build.0 = Debug|Any CPU
		{DF4C3DBC-3D4B-42B8-9335-B4E78FF31FC6}.Debug|x64.ActiveCfg = Debug|Any CPU
		{DF4C3DBC-3D4B-42B8-9335-B4E78FF31FC6}.Debug|x64.Build.0 = Debug|Any CPU
		{DF4C3DBC-3D4B-42B8-9335-B4E78FF31FC6}.Debug|x86.ActiveCfg = Debug|Any CPU
		{DF4C3DBC-3D4B-42B8-9335-B4E78FF31FC6}.Debug|x86.Build.0 = Debug|Any CPU
		{DF4C3DBC-3D4B-42B8-9335-B4E78FF31FC6}.Release|Any CPU.ActiveCfg = Release|Any CPU
		{DF4C3DBC-3D4B-42B8-9335-B4E78FF31FC6}.Release|Any CPU.Build.0 = Release|Any CPU
		{DF4C3DBC-3D4B-42B8-9335-B4E78FF31FC6}.Release|x64.ActiveCfg = Release|Any CPU
		{DF4C3DBC-3D4B-42B8-9335-B4E78FF31FC6}.Release|x64.Build.0 = Release|Any CPU
		{DF4C3DBC-3D4B-42B8-9335-B4E78FF31FC6}.Release|x86.ActiveCfg = Release|Any CPU
		{DF4C3DBC-3D4B-42B8-9335-B4E78FF31FC6}.Release|x86.Build.0 = Release|Any CPU
		{878EACCB-F8AB-4422-8DE2-43DD19772CC3}.Debug|Any CPU.ActiveCfg = Debug|Any CPU
		{878EACCB-F8AB-4422-8DE2-43DD19772CC3}.Debug|Any CPU.Build.0 = Debug|Any CPU
		{878EACCB-F8AB-4422-8DE2-43DD19772CC3}.Debug|x64.ActiveCfg = Debug|Any CPU
		{878EACCB-F8AB-4422-8DE2-43DD19772CC3}.Debug|x64.Build.0 = Debug|Any CPU
		{878EACCB-F8AB-4422-8DE2-43DD19772CC3}.Debug|x86.ActiveCfg = Debug|Any CPU
		{878EACCB-F8AB-4422-8DE2-43DD19772CC3}.Debug|x86.Build.0 = Debug|Any CPU
		{878EACCB-F8AB-4422-8DE2-43DD19772CC3}.Release|Any CPU.ActiveCfg = Release|Any CPU
		{878EACCB-F8AB-4422-8DE2-43DD19772CC3}.Release|Any CPU.Build.0 = Release|Any CPU
		{878EACCB-F8AB-4422-8DE2-43DD19772CC3}.Release|x64.ActiveCfg = Release|Any CPU
		{878EACCB-F8AB-4422-8DE2-43DD19772CC3}.Release|x64.Build.0 = Release|Any CPU
		{878EACCB-F8AB-4422-8DE2-43DD19772CC3}.Release|x86.ActiveCfg = Release|Any CPU
		{878EACCB-F8AB-4422-8DE2-43DD19772CC3}.Release|x86.Build.0 = Release|Any CPU
		{EDB049A8-63BC-4589-80E6-59A9A3A15FAB}.Debug|Any CPU.ActiveCfg = Debug|Any CPU
		{EDB049A8-63BC-4589-80E6-59A9A3A15FAB}.Debug|Any CPU.Build.0 = Debug|Any CPU
		{EDB049A8-63BC-4589-80E6-59A9A3A15FAB}.Debug|x64.ActiveCfg = Debug|Any CPU
		{EDB049A8-63BC-4589-80E6-59A9A3A15FAB}.Debug|x64.Build.0 = Debug|Any CPU
		{EDB049A8-63BC-4589-80E6-59A9A3A15FAB}.Debug|x86.ActiveCfg = Debug|Any CPU
		{EDB049A8-63BC-4589-80E6-59A9A3A15FAB}.Debug|x86.Build.0 = Debug|Any CPU
		{EDB049A8-63BC-4589-80E6-59A9A3A15FAB}.Release|Any CPU.ActiveCfg = Release|Any CPU
		{EDB049A8-63BC-4589-80E6-59A9A3A15FAB}.Release|Any CPU.Build.0 = Release|Any CPU
		{EDB049A8-63BC-4589-80E6-59A9A3A15FAB}.Release|x64.ActiveCfg = Release|Any CPU
		{EDB049A8-63BC-4589-80E6-59A9A3A15FAB}.Release|x64.Build.0 = Release|Any CPU
		{EDB049A8-63BC-4589-80E6-59A9A3A15FAB}.Release|x86.ActiveCfg = Release|Any CPU
		{EDB049A8-63BC-4589-80E6-59A9A3A15FAB}.Release|x86.Build.0 = Release|Any CPU
		{E54A63C3-D408-48D4-9F68-F388880A5CFE}.Debug|Any CPU.ActiveCfg = Debug|Any CPU
		{E54A63C3-D408-48D4-9F68-F388880A5CFE}.Debug|Any CPU.Build.0 = Debug|Any CPU
		{E54A63C3-D408-48D4-9F68-F388880A5CFE}.Debug|x64.ActiveCfg = Debug|Any CPU
		{E54A63C3-D408-48D4-9F68-F388880A5CFE}.Debug|x64.Build.0 = Debug|Any CPU
		{E54A63C3-D408-48D4-9F68-F388880A5CFE}.Debug|x86.ActiveCfg = Debug|Any CPU
		{E54A63C3-D408-48D4-9F68-F388880A5CFE}.Debug|x86.Build.0 = Debug|Any CPU
		{E54A63C3-D408-48D4-9F68-F388880A5CFE}.Release|Any CPU.ActiveCfg = Release|Any CPU
		{E54A63C3-D408-48D4-9F68-F388880A5CFE}.Release|Any CPU.Build.0 = Release|Any CPU
		{E54A63C3-D408-48D4-9F68-F388880A5CFE}.Release|x64.ActiveCfg = Release|Any CPU
		{E54A63C3-D408-48D4-9F68-F388880A5CFE}.Release|x64.Build.0 = Release|Any CPU
		{E54A63C3-D408-48D4-9F68-F388880A5CFE}.Release|x86.ActiveCfg = Release|Any CPU
		{E54A63C3-D408-48D4-9F68-F388880A5CFE}.Release|x86.Build.0 = Release|Any CPU
		{B4EFB07D-DCD4-49D6-B352-AE4C91E7ED18}.Debug|Any CPU.ActiveCfg = Debug|Any CPU
		{B4EFB07D-DCD4-49D6-B352-AE4C91E7ED18}.Debug|Any CPU.Build.0 = Debug|Any CPU
		{B4EFB07D-DCD4-49D6-B352-AE4C91E7ED18}.Debug|x64.ActiveCfg = Debug|Any CPU
		{B4EFB07D-DCD4-49D6-B352-AE4C91E7ED18}.Debug|x64.Build.0 = Debug|Any CPU
		{B4EFB07D-DCD4-49D6-B352-AE4C91E7ED18}.Debug|x86.ActiveCfg = Debug|Any CPU
		{B4EFB07D-DCD4-49D6-B352-AE4C91E7ED18}.Debug|x86.Build.0 = Debug|Any CPU
		{B4EFB07D-DCD4-49D6-B352-AE4C91E7ED18}.Release|Any CPU.ActiveCfg = Release|Any CPU
		{B4EFB07D-DCD4-49D6-B352-AE4C91E7ED18}.Release|Any CPU.Build.0 = Release|Any CPU
		{B4EFB07D-DCD4-49D6-B352-AE4C91E7ED18}.Release|x64.ActiveCfg = Release|Any CPU
		{B4EFB07D-DCD4-49D6-B352-AE4C91E7ED18}.Release|x64.Build.0 = Release|Any CPU
		{B4EFB07D-DCD4-49D6-B352-AE4C91E7ED18}.Release|x86.ActiveCfg = Release|Any CPU
		{B4EFB07D-DCD4-49D6-B352-AE4C91E7ED18}.Release|x86.Build.0 = Release|Any CPU
		{26EF6B79-7649-4C8F-A0E2-AA4A46570025}.Debug|Any CPU.ActiveCfg = Debug|Any CPU
		{26EF6B79-7649-4C8F-A0E2-AA4A46570025}.Debug|Any CPU.Build.0 = Debug|Any CPU
		{26EF6B79-7649-4C8F-A0E2-AA4A46570025}.Debug|x64.ActiveCfg = Debug|Any CPU
		{26EF6B79-7649-4C8F-A0E2-AA4A46570025}.Debug|x64.Build.0 = Debug|Any CPU
		{26EF6B79-7649-4C8F-A0E2-AA4A46570025}.Debug|x86.ActiveCfg = Debug|Any CPU
		{26EF6B79-7649-4C8F-A0E2-AA4A46570025}.Debug|x86.Build.0 = Debug|Any CPU
		{26EF6B79-7649-4C8F-A0E2-AA4A46570025}.Release|Any CPU.ActiveCfg = Release|Any CPU
		{26EF6B79-7649-4C8F-A0E2-AA4A46570025}.Release|Any CPU.Build.0 = Release|Any CPU
		{26EF6B79-7649-4C8F-A0E2-AA4A46570025}.Release|x64.ActiveCfg = Release|Any CPU
		{26EF6B79-7649-4C8F-A0E2-AA4A46570025}.Release|x64.Build.0 = Release|Any CPU
		{26EF6B79-7649-4C8F-A0E2-AA4A46570025}.Release|x86.ActiveCfg = Release|Any CPU
		{26EF6B79-7649-4C8F-A0E2-AA4A46570025}.Release|x86.Build.0 = Release|Any CPU
		{179F01E0-FBAC-42F0-9DC4-D019784B2A51}.Debug|Any CPU.ActiveCfg = Debug|Any CPU
		{179F01E0-FBAC-42F0-9DC4-D019784B2A51}.Debug|Any CPU.Build.0 = Debug|Any CPU
		{179F01E0-FBAC-42F0-9DC4-D019784B2A51}.Debug|x64.ActiveCfg = Debug|Any CPU
		{179F01E0-FBAC-42F0-9DC4-D019784B2A51}.Debug|x64.Build.0 = Debug|Any CPU
		{179F01E0-FBAC-42F0-9DC4-D019784B2A51}.Debug|x86.ActiveCfg = Debug|Any CPU
		{179F01E0-FBAC-42F0-9DC4-D019784B2A51}.Debug|x86.Build.0 = Debug|Any CPU
		{179F01E0-FBAC-42F0-9DC4-D019784B2A51}.Release|Any CPU.ActiveCfg = Release|Any CPU
		{179F01E0-FBAC-42F0-9DC4-D019784B2A51}.Release|Any CPU.Build.0 = Release|Any CPU
		{179F01E0-FBAC-42F0-9DC4-D019784B2A51}.Release|x64.ActiveCfg = Release|Any CPU
		{179F01E0-FBAC-42F0-9DC4-D019784B2A51}.Release|x64.Build.0 = Release|Any CPU
		{179F01E0-FBAC-42F0-9DC4-D019784B2A51}.Release|x86.ActiveCfg = Release|Any CPU
		{179F01E0-FBAC-42F0-9DC4-D019784B2A51}.Release|x86.Build.0 = Release|Any CPU
		{50F233D6-D879-43A3-B708-8CEA17DF3367}.Debug|Any CPU.ActiveCfg = Debug|Any CPU
		{50F233D6-D879-43A3-B708-8CEA17DF3367}.Debug|Any CPU.Build.0 = Debug|Any CPU
		{50F233D6-D879-43A3-B708-8CEA17DF3367}.Debug|x64.ActiveCfg = Debug|Any CPU
		{50F233D6-D879-43A3-B708-8CEA17DF3367}.Debug|x64.Build.0 = Debug|Any CPU
		{50F233D6-D879-43A3-B708-8CEA17DF3367}.Debug|x86.ActiveCfg = Debug|Any CPU
		{50F233D6-D879-43A3-B708-8CEA17DF3367}.Debug|x86.Build.0 = Debug|Any CPU
		{50F233D6-D879-43A3-B708-8CEA17DF3367}.Release|Any CPU.ActiveCfg = Release|Any CPU
		{50F233D6-D879-43A3-B708-8CEA17DF3367}.Release|Any CPU.Build.0 = Release|Any CPU
		{50F233D6-D879-43A3-B708-8CEA17DF3367}.Release|x64.ActiveCfg = Release|Any CPU
		{50F233D6-D879-43A3-B708-8CEA17DF3367}.Release|x64.Build.0 = Release|Any CPU
		{50F233D6-D879-43A3-B708-8CEA17DF3367}.Release|x86.ActiveCfg = Release|Any CPU
		{50F233D6-D879-43A3-B708-8CEA17DF3367}.Release|x86.Build.0 = Release|Any CPU
	EndGlobalSection
	GlobalSection(SolutionProperties) = preSolution
		HideSolutionNode = FALSE
	EndGlobalSection
	GlobalSection(NestedProjects) = preSolution
		{1E953D1D-731B-4425-A398-12654C183957} = {827E0CD3-B72D-47B6-A68D-7590B98EB39B}
		{FBD43CD2-C583-4217-BF37-C5E3400709DD} = {827E0CD3-B72D-47B6-A68D-7590B98EB39B}
		{5A7A9094-DF9E-40E7-AEC5-699CDD5E8F84} = {827E0CD3-B72D-47B6-A68D-7590B98EB39B}
		{6CDB43F3-293A-45AE-A752-9533B34852C1} = {827E0CD3-B72D-47B6-A68D-7590B98EB39B}
		{90EBC506-4E88-4E19-BA62-0ABE23C45C1B} = {827E0CD3-B72D-47B6-A68D-7590B98EB39B}
		{DF4C3DBC-3D4B-42B8-9335-B4E78FF31FC6} = {827E0CD3-B72D-47B6-A68D-7590B98EB39B}
		{878EACCB-F8AB-4422-8DE2-43DD19772CC3} = {827E0CD3-B72D-47B6-A68D-7590B98EB39B}
		{EDB049A8-63BC-4589-80E6-59A9A3A15FAB} = {827E0CD3-B72D-47B6-A68D-7590B98EB39B}
		{E54A63C3-D408-48D4-9F68-F388880A5CFE} = {827E0CD3-B72D-47B6-A68D-7590B98EB39B}
		{B4EFB07D-DCD4-49D6-B352-AE4C91E7ED18} = {827E0CD3-B72D-47B6-A68D-7590B98EB39B}
		{26EF6B79-7649-4C8F-A0E2-AA4A46570025} = {827E0CD3-B72D-47B6-A68D-7590B98EB39B}
		{179F01E0-FBAC-42F0-9DC4-D019784B2A51} = {827E0CD3-B72D-47B6-A68D-7590B98EB39B}
		{50F233D6-D879-43A3-B708-8CEA17DF3367} = {827E0CD3-B72D-47B6-A68D-7590B98EB39B}
	EndGlobalSection
EndGlobal
